
Microsoft Visual Studio Solution File, Format Version 12.00
# Visual Studio Version 16
VisualStudioVersion = 16.0.30503.244
MinimumVisualStudioVersion = 10.0.40219.1
Project("{FAE04EC0-301F-11D3-BF4B-00C04F79EFBC}") = "empty-project", "empty-project\empty-project.csproj", "{83DA0455-40F6-47AC-8F03-6490C3530906}"
EndProject
Global
	GlobalSection(SolutionConfigurationPlatforms) = preSolution
		Debug|Any CPU = Debug|Any CPU
		Release|Any CPU = Release|Any CPU
	EndGlobalSection
	GlobalSection(ProjectConfigurationPlatforms) = postSolution
		{83DA0455-40F6-47AC-8F03-6490C3530906}.Debug|Any CPU.ActiveCfg = Debug|Any CPU
		{83DA0455-40F6-47AC-8F03-6490C3530906}.Debug|Any CPU.Build.0 = Debug|Any CPU
		{83DA0455-40F6-47AC-8F03-6490C3530906}.Release|Any CPU.ActiveCfg = Release|Any CPU
		{83DA0455-40F6-47AC-8F03-6490C3530906}.Release|Any CPU.Build.0 = Release|Any CPU
	EndGlobalSection
	GlobalSection(SolutionProperties) = preSolution
		HideSolutionNode = FALSE
	EndGlobalSection
	GlobalSection(ExtensibilityGlobals) = postSolution
		SolutionGuid = {3E78B701-F933-4B2B-90F7-BE2621DC86CE}
	EndGlobalSection
EndGlobal
